
Microsoft Visual Studio Solution File, Format Version 12.00
# Visual Studio Version 17
VisualStudioVersion = 17.4.32916.344
MinimumVisualStudioVersion = 10.0.40219.1
Project("{9A19103F-16F7-4668-BE54-9A1E7A4F7556}") = "CSharpHacks.Tests", "CSharpHacks.Tests\CSharpHacks.Tests.csproj", "{4898FF42-1A8E-4A20-8E09-1372AEC0EDB0}"
EndProject
Project("{9A19103F-16F7-4668-BE54-9A1E7A4F7556}") = "CSharpHacks", "CSharpHacks\CSharpHacks.csproj", "{A87B75E8-277A-4FCC-8F0A-2B7690552867}"
EndProject
Global
	GlobalSection(SolutionConfigurationPlatforms) = preSolution
		Debug|Any CPU = Debug|Any CPU
		Release|Any CPU = Release|Any CPU
	EndGlobalSection
	GlobalSection(ProjectConfigurationPlatforms) = postSolution
		{4898FF42-1A8E-4A20-8E09-1372AEC0EDB0}.Debug|Any CPU.ActiveCfg = Debug|Any CPU
		{4898FF42-1A8E-4A20-8E09-1372AEC0EDB0}.Debug|Any CPU.Build.0 = Debug|Any CPU
		{4898FF42-1A8E-4A20-8E09-1372AEC0EDB0}.Release|Any CPU.ActiveCfg = Release|Any CPU
		{4898FF42-1A8E-4A20-8E09-1372AEC0EDB0}.Release|Any CPU.Build.0 = Release|Any CPU
		{A87B75E8-277A-4FCC-8F0A-2B7690552867}.Debug|Any CPU.ActiveCfg = Debug|Any CPU
		{A87B75E8-277A-4FCC-8F0A-2B7690552867}.Debug|Any CPU.Build.0 = Debug|Any CPU
		{A87B75E8-277A-4FCC-8F0A-2B7690552867}.Release|Any CPU.ActiveCfg = Release|Any CPU
		{A87B75E8-277A-4FCC-8F0A-2B7690552867}.Release|Any CPU.Build.0 = Release|Any CPU
	EndGlobalSection
	GlobalSection(SolutionProperties) = preSolution
		HideSolutionNode = FALSE
	EndGlobalSection
	GlobalSection(ExtensibilityGlobals) = postSolution
		SolutionGuid = {8A4D3C69-E47E-4C6C-8C2D-994E922D0A80}
	EndGlobalSection
EndGlobal
